
Microsoft Visual Studio Solution File, Format Version 12.00
Project("{FAE04EC0-301F-11D3-BF4B-00C04F79EFBC}") = "Business", "Business\Business.csproj", "{DD5C18DA-166B-44B7-9248-6667A1412276}"
EndProject
Project("{FAE04EC0-301F-11D3-BF4B-00C04F79EFBC}") = "GatoApi", "Api\GatoApi.csproj", "{8CBA2756-56DC-4A11-A19B-364392805104}"
EndProject
Project("{FAE04EC0-301F-11D3-BF4B-00C04F79EFBC}") = "Data", "Data\Data.csproj", "{62AC6A96-0011-4D15-AD0C-F0C0694679A7}"
EndProject
Project("{2150E333-8FDC-42A3-9474-1A3956D46DE8}") = "Solution Items", "Solution Items", "{5E0ECA52-B5A4-488A-B0C6-D77F9C1A7527}"
	ProjectSection(SolutionItems) = preProject
		docker-compose.yml = docker-compose.yml
	EndProjectSection
EndProject
Global
	GlobalSection(SolutionConfigurationPlatforms) = preSolution
		Debug|Any CPU = Debug|Any CPU
		Release|Any CPU = Release|Any CPU
	EndGlobalSection
	GlobalSection(ProjectConfigurationPlatforms) = postSolution
		{DD5C18DA-166B-44B7-9248-6667A1412276}.Debug|Any CPU.ActiveCfg = Debug|Any CPU
		{DD5C18DA-166B-44B7-9248-6667A1412276}.Debug|Any CPU.Build.0 = Debug|Any CPU
		{DD5C18DA-166B-44B7-9248-6667A1412276}.Release|Any CPU.ActiveCfg = Release|Any CPU
		{DD5C18DA-166B-44B7-9248-6667A1412276}.Release|Any CPU.Build.0 = Release|Any CPU
		{8CBA2756-56DC-4A11-A19B-364392805104}.Debug|Any CPU.ActiveCfg = Debug|Any CPU
		{8CBA2756-56DC-4A11-A19B-364392805104}.Debug|Any CPU.Build.0 = Debug|Any CPU
		{8CBA2756-56DC-4A11-A19B-364392805104}.Release|Any CPU.ActiveCfg = Release|Any CPU
		{8CBA2756-56DC-4A11-A19B-364392805104}.Release|Any CPU.Build.0 = Release|Any CPU
		{62AC6A96-0011-4D15-AD0C-F0C0694679A7}.Debug|Any CPU.ActiveCfg = Debug|Any CPU
		{62AC6A96-0011-4D15-AD0C-F0C0694679A7}.Debug|Any CPU.Build.0 = Debug|Any CPU
		{62AC6A96-0011-4D15-AD0C-F0C0694679A7}.Release|Any CPU.ActiveCfg = Release|Any CPU
		{62AC6A96-0011-4D15-AD0C-F0C0694679A7}.Release|Any CPU.Build.0 = Release|Any CPU
	EndGlobalSection
EndGlobal
